
Microsoft Visual Studio Solution File, Format Version 12.00
# Visual Studio Version 16
VisualStudioVersion = 16.0.32407.337
MinimumVisualStudioVersion = 10.0.40219.1
Project("{9A19103F-16F7-4668-BE54-9A1E7A4F7556}") = "FormularioGenerico1.5", "FormularioGenerico1.5.csproj", "{90B4113F-2372-43DA-9E2B-1AFE913F5A34}"
EndProject
Project("{2150E333-8FDC-42A3-9474-1A3956D46DE8}") = "Servicios", "Servicios", "{ADF8967E-5C8A-443F-894B-6032ECC2DDC9}"
EndProject
Project("{2150E333-8FDC-42A3-9474-1A3956D46DE8}") = "Solution Items", "Solution Items", "{06827770-7FD5-4B46-B75F-41605480DFCB}"
	ProjectSection(SolutionItems) = preProject
		.editorconfig = .editorconfig
	EndProjectSection
EndProject
Global
	GlobalSection(SolutionConfigurationPlatforms) = preSolution
		Debug|Any CPU = Debug|Any CPU
		Release|Any CPU = Release|Any CPU
	EndGlobalSection
	GlobalSection(ProjectConfigurationPlatforms) = postSolution
		{90B4113F-2372-43DA-9E2B-1AFE913F5A34}.Debug|Any CPU.ActiveCfg = Debug|Any CPU
		{90B4113F-2372-43DA-9E2B-1AFE913F5A34}.Debug|Any CPU.Build.0 = Debug|Any CPU
		{90B4113F-2372-43DA-9E2B-1AFE913F5A34}.Release|Any CPU.ActiveCfg = Release|Any CPU
		{90B4113F-2372-43DA-9E2B-1AFE913F5A34}.Release|Any CPU.Build.0 = Release|Any CPU
	EndGlobalSection
	GlobalSection(SolutionProperties) = preSolution
		HideSolutionNode = FALSE
	EndGlobalSection
	GlobalSection(ExtensibilityGlobals) = postSolution
		SolutionGuid = {E0FED7C0-A266-46B6-8E16-C56B205A61A6}
	EndGlobalSection
EndGlobal
